// !$*UTF8*$!
{
	archiveVersion = 1;
	classes = {
	};
	objectVersion = 48;
	objects = {

/* Begin PBXBuildFile section */
		401C57E3200C8C4600F16C54 /* AppDelegate.m in Sources */ = {isa = PBXBuildFile; fileRef = 401C57E2200C8C4600F16C54 /* AppDelegate.m */; };
		401C57E6200C8C4600F16C54 /* ViewController.mm in Sources */ = {isa = PBXBuildFile; fileRef = 401C57E5200C8C4600F16C54 /* ViewController.mm */; };
		401C57E9200C8C4600F16C54 /* Main.storyboard in Resources */ = {isa = PBXBuildFile; fileRef = 401C57E7200C8C4600F16C54 /* Main.storyboard */; };
		401C57EB200C8C4600F16C54 /* Assets.xcassets in Resources */ = {isa = PBXBuildFile; fileRef = 401C57EA200C8C4600F16C54 /* Assets.xcassets */; };
		401C57EE200C8C4600F16C54 /* LaunchScreen.storyboard in Resources */ = {isa = PBXBuildFile; fileRef = 401C57EC200C8C4600F16C54 /* LaunchScreen.storyboard */; };
		401C57F1200C8C4600F16C54 /* main.m in Sources */ = {isa = PBXBuildFile; fileRef = 401C57F0200C8C4600F16C54 /* main.m */; };
		401C57FB200C8C4600F16C54 /* OpenCVDemoTests.m in Sources */ = {isa = PBXBuildFile; fileRef = 401C57FA200C8C4600F16C54 /* OpenCVDemoTests.m */; };
		401C5806200C8C4600F16C54 /* OpenCVDemoUITests.m in Sources */ = {isa = PBXBuildFile; fileRef = 401C5805200C8C4600F16C54 /* OpenCVDemoUITests.m */; };
		401C5817200C976D00F16C54 /* opencv_filter.cpp in Sources */ = {isa = PBXBuildFile; fileRef = 401C5815200C976D00F16C54 /* opencv_filter.cpp */; };
		401C581A200CA2B000F16C54 /* ImageManager.mm in Sources */ = {isa = PBXBuildFile; fileRef = 401C5819200CA2B000F16C54 /* ImageManager.mm */; };
		401C581E200CA71E00F16C54 /* pic_0.png in Resources */ = {isa = PBXBuildFile; fileRef = 401C581D200CA71E00F16C54 /* pic_0.png */; };
		401C5820200CB23600F16C54 /* pic_1.png in Resources */ = {isa = PBXBuildFile; fileRef = 401C581F200CB23600F16C54 /* pic_1.png */; };
		486F26EA2B9A14B627F9415B /* libPods-OpenCVDemo.a in Frameworks */ = {isa = PBXBuildFile; fileRef = A7F287BC01A6EB577845CFD2 /* libPods-OpenCVDemo.a */; };
		9159B9EC1B1868B56D126F59 /* libPods-OpenCVDemoTests.a in Frameworks */ = {isa = PBXBuildFile; fileRef = DD272965C87577C8BE7F9719 /* libPods-OpenCVDemoTests.a */; };
		B7E3F90269D630D40B32A470 /* libPods-OpenCVDemoUITests.a in Frameworks */ = {isa = PBXBuildFile; fileRef = DACA79F2EE919C5BFC602046 /* libPods-OpenCVDemoUITests.a */; };
/* End PBXBuildFile section */

/* Begin PBXContainerItemProxy section */
		401C57F7200C8C4600F16C54 /* PBXContainerItemProxy */ = {
			isa = PBXContainerItemProxy;
			containerPortal = 401C57D6200C8C4600F16C54 /* Project object */;
			proxyType = 1;
			remoteGlobalIDString = 401C57DD200C8C4600F16C54;
			remoteInfo = OpenCVDemo;
		};
		401C5802200C8C4600F16C54 /* PBXContainerItemProxy */ = {
			isa = PBXContainerItemProxy;
			containerPortal = 401C57D6200C8C4600F16C54 /* Project object */;
			proxyType = 1;
			remoteGlobalIDString = 401C57DD200C8C4600F16C54;
			remoteInfo = OpenCVDemo;
		};
/* End PBXContainerItemProxy section */

/* Begin PBXFileReference section */
		2E167E8C67B70A1E4484712C /* Pods-OpenCVDemo.debug.xcconfig */ = {isa = PBXFileReference; includeInIndex = 1; lastKnownFileType = text.xcconfig; name = "Pods-OpenCVDemo.debug.xcconfig"; path = "Pods/Target Support Files/Pods-OpenCVDemo/Pods-OpenCVDemo.debug.xcconfig"; sourceTree = "<group>"; };
		401C57DE200C8C4600F16C54 /* OpenCVDemo.app */ = {isa = PBXFileReference; explicitFileType = wrapper.application; includeInIndex = 0; path = OpenCVDemo.app; sourceTree = BUILT_PRODUCTS_DIR; };
		401C57E1200C8C4600F16C54 /* AppDelegate.h */ = {isa = PBXFileReference; lastKnownFileType = sourcecode.c.h; path = AppDelegate.h; sourceTree = "<group>"; };
		401C57E2200C8C4600F16C54 /* AppDelegate.m */ = {isa = PBXFileReference; lastKnownFileType = sourcecode.c.objc; path = AppDelegate.m; sourceTree = "<group>"; };
		401C57E4200C8C4600F16C54 /* ViewController.h */ = {isa = PBXFileReference; lastKnownFileType = sourcecode.c.h; path = ViewController.h; sourceTree = "<group>"; };
		401C57E5200C8C4600F16C54 /* ViewController.mm */ = {isa = PBXFileReference; lastKnownFileType = sourcecode.cpp.objcpp; path = ViewController.mm; sourceTree = "<group>"; };
		401C57E8200C8C4600F16C54 /* Base */ = {isa = PBXFileReference; lastKnownFileType = file.storyboard; name = Base; path = Base.lproj/Main.storyboard; sourceTree = "<group>"; };
		401C57EA200C8C4600F16C54 /* Assets.xcassets */ = {isa = PBXFileReference; lastKnownFileType = folder.assetcatalog; path = Assets.xcassets; sourceTree = "<group>"; };
		401C57ED200C8C4600F16C54 /* Base */ = {isa = PBXFileReference; lastKnownFileType = file.storyboard; name = Base; path = Base.lproj/LaunchScreen.storyboard; sourceTree = "<group>"; };
		401C57EF200C8C4600F16C54 /* Info.plist */ = {isa = PBXFileReference; lastKnownFileType = text.plist.xml; path = Info.plist; sourceTree = "<group>"; };
		401C57F0200C8C4600F16C54 /* main.m */ = {isa = PBXFileReference; lastKnownFileType = sourcecode.c.objc; path = main.m; sourceTree = "<group>"; };
		401C57F6200C8C4600F16C54 /* OpenCVDemoTests.xctest */ = {isa = PBXFileReference; explicitFileType = wrapper.cfbundle; includeInIndex = 0; path = OpenCVDemoTests.xctest; sourceTree = BUILT_PRODUCTS_DIR; };
		401C57FA200C8C4600F16C54 /* OpenCVDemoTests.m */ = {isa = PBXFileReference; lastKnownFileType = sourcecode.c.objc; path = OpenCVDemoTests.m; sourceTree = "<group>"; };
		401C57FC200C8C4600F16C54 /* Info.plist */ = {isa = PBXFileReference; lastKnownFileType = text.plist.xml; path = Info.plist; sourceTree = "<group>"; };
		401C5801200C8C4600F16C54 /* OpenCVDemoUITests.xctest */ = {isa = PBXFileReference; explicitFileType = wrapper.cfbundle; includeInIndex = 0; path = OpenCVDemoUITests.xctest; sourceTree = BUILT_PRODUCTS_DIR; };
		401C5805200C8C4600F16C54 /* OpenCVDemoUITests.m */ = {isa = PBXFileReference; lastKnownFileType = sourcecode.c.objc; path = OpenCVDemoUITests.m; sourceTree = "<group>"; };
		401C5807200C8C4600F16C54 /* Info.plist */ = {isa = PBXFileReference; lastKnownFileType = text.plist.xml; path = Info.plist; sourceTree = "<group>"; };
		401C5815200C976D00F16C54 /* opencv_filter.cpp */ = {isa = PBXFileReference; lastKnownFileType = sourcecode.cpp.cpp; path = opencv_filter.cpp; sourceTree = "<group>"; };
		401C5816200C976D00F16C54 /* opencv_filter.hpp */ = {isa = PBXFileReference; lastKnownFileType = sourcecode.cpp.h; path = opencv_filter.hpp; sourceTree = "<group>"; };
		401C5818200CA2B000F16C54 /* ImageManager.h */ = {isa = PBXFileReference; lastKnownFileType = sourcecode.c.h; path = ImageManager.h; sourceTree = "<group>"; };
		401C5819200CA2B000F16C54 /* ImageManager.mm */ = {isa = PBXFileReference; lastKnownFileType = sourcecode.cpp.objcpp; path = ImageManager.mm; sourceTree = "<group>"; };
		401C581D200CA71E00F16C54 /* pic_0.png */ = {isa = PBXFileReference; lastKnownFileType = image.png; path = pic_0.png; sourceTree = "<group>"; };
		401C581F200CB23600F16C54 /* pic_1.png */ = {isa = PBXFileReference; lastKnownFileType = image.png; path = pic_1.png; sourceTree = "<group>"; };
		85DA12D4BF516C028EA5DD2D /* Pods-OpenCVDemoTests.release.xcconfig */ = {isa = PBXFileReference; includeInIndex = 1; lastKnownFileType = text.xcconfig; name = "Pods-OpenCVDemoTests.release.xcconfig"; path = "Pods/Target Support Files/Pods-OpenCVDemoTests/Pods-OpenCVDemoTests.release.xcconfig"; sourceTree = "<group>"; };
		A15BF2FA557DA904123BC74D /* Pods-OpenCVDemo.release.xcconfig */ = {isa = PBXFileReference; includeInIndex = 1; lastKnownFileType = text.xcconfig; name = "Pods-OpenCVDemo.release.xcconfig"; path = "Pods/Target Support Files/Pods-OpenCVDemo/Pods-OpenCVDemo.release.xcconfig"; sourceTree = "<group>"; };
		A7F287BC01A6EB577845CFD2 /* libPods-OpenCVDemo.a */ = {isa = PBXFileReference; explicitFileType = archive.ar; includeInIndex = 0; path = "libPods-OpenCVDemo.a"; sourceTree = BUILT_PRODUCTS_DIR; };
		A825107E9E900340B316B5CC /* Pods-OpenCVDemoUITests.release.xcconfig */ = {isa = PBXFileReference; includeInIndex = 1; lastKnownFileType = text.xcconfig; name = "Pods-OpenCVDemoUITests.release.xcconfig"; path = "Pods/Target Support Files/Pods-OpenCVDemoUITests/Pods-OpenCVDemoUITests.release.xcconfig"; sourceTree = "<group>"; };
		B7D7D6606DE0AF4F81CC0766 /* Pods-OpenCVDemoTests.debug.xcconfig */ = {isa = PBXFileReference; includeInIndex = 1; lastKnownFileType = text.xcconfig; name = "Pods-OpenCVDemoTests.debug.xcconfig"; path = "Pods/Target Support Files/Pods-OpenCVDemoTests/Pods-OpenCVDemoTests.debug.xcconfig"; sourceTree = "<group>"; };
		DACA79F2EE919C5BFC602046 /* libPods-OpenCVDemoUITests.a */ = {isa = PBXFileReference; explicitFileType = archive.ar; includeInIndex = 0; path = "libPods-OpenCVDemoUITests.a"; sourceTree = BUILT_PRODUCTS_DIR; };
		DD272965C87577C8BE7F9719 /* libPods-OpenCVDemoTests.a */ = {isa = PBXFileReference; explicitFileType = archive.ar; includeInIndex = 0; path = "libPods-OpenCVDemoTests.a"; sourceTree = BUILT_PRODUCTS_DIR; };
		E682FA4C14D8FE7CFF602172 /* Pods-OpenCVDemoUITests.debug.xcconfig */ = {isa = PBXFileReference; includeInIndex = 1; lastKnownFileType = text.xcconfig; name = "Pods-OpenCVDemoUITests.debug.xcconfig"; path = "Pods/Target Support Files/Pods-OpenCVDemoUITests/Pods-OpenCVDemoUITests.debug.xcconfig"; sourceTree = "<group>"; };
/* End PBXFileReference section */

/* Begin PBXFrameworksBuildPhase section */
		401C57DB200C8C4600F16C54 /* Frameworks */ = {
			isa = PBXFrameworksBuildPhase;
			buildActionMask = 2147483647;
			files = (
				486F26EA2B9A14B627F9415B /* libPods-OpenCVDemo.a in Frameworks */,
			);
			runOnlyForDeploymentPostprocessing = 0;
		};
		401C57F3200C8C4600F16C54 /* Frameworks */ = {
			isa = PBXFrameworksBuildPhase;
			buildActionMask = 2147483647;
			files = (
				9159B9EC1B1868B56D126F59 /* libPods-OpenCVDemoTests.a in Frameworks */,
			);
			runOnlyForDeploymentPostprocessing = 0;
		};
		401C57FE200C8C4600F16C54 /* Frameworks */ = {
			isa = PBXFrameworksBuildPhase;
			buildActionMask = 2147483647;
			files = (
				B7E3F90269D630D40B32A470 /* libPods-OpenCVDemoUITests.a in Frameworks */,
			);
			runOnlyForDeploymentPostprocessing = 0;
		};
/* End PBXFrameworksBuildPhase section */

/* Begin PBXGroup section */
		401C57D5200C8C4600F16C54 = {
			isa = PBXGroup;
			children = (
				401C57E0200C8C4600F16C54 /* OpenCVDemo */,
				401C57F9200C8C4600F16C54 /* OpenCVDemoTests */,
				401C5804200C8C4600F16C54 /* OpenCVDemoUITests */,
				401C57DF200C8C4600F16C54 /* Products */,
				4BEF66C336AF7F75E0F40951 /* Pods */,
				FF9BDE344545E772E3915373 /* Frameworks */,
			);
			sourceTree = "<group>";
		};
		401C57DF200C8C4600F16C54 /* Products */ = {
			isa = PBXGroup;
			children = (
				401C57DE200C8C4600F16C54 /* OpenCVDemo.app */,
				401C57F6200C8C4600F16C54 /* OpenCVDemoTests.xctest */,
				401C5801200C8C4600F16C54 /* OpenCVDemoUITests.xctest */,
			);
			name = Products;
			sourceTree = "<group>";
		};
		401C57E0200C8C4600F16C54 /* OpenCVDemo */ = {
			isa = PBXGroup;
			children = (
				401C581B200CA6ED00F16C54 /* Resources */,
				401C5813200C908500F16C54 /* YALImageKit */,
				401C57E1200C8C4600F16C54 /* AppDelegate.h */,
				401C57E2200C8C4600F16C54 /* AppDelegate.m */,
				401C57E4200C8C4600F16C54 /* ViewController.h */,
				401C57E5200C8C4600F16C54 /* ViewController.mm */,
				401C57E7200C8C4600F16C54 /* Main.storyboard */,
				401C57EA200C8C4600F16C54 /* Assets.xcassets */,
				401C57EC200C8C4600F16C54 /* LaunchScreen.storyboard */,
				401C57EF200C8C4600F16C54 /* Info.plist */,
				401C57F0200C8C4600F16C54 /* main.m */,
			);
			path = OpenCVDemo;
			sourceTree = "<group>";
		};
		401C57F9200C8C4600F16C54 /* OpenCVDemoTests */ = {
			isa = PBXGroup;
			children = (
				401C57FA200C8C4600F16C54 /* OpenCVDemoTests.m */,
				401C57FC200C8C4600F16C54 /* Info.plist */,
			);
			path = OpenCVDemoTests;
			sourceTree = "<group>";
		};
		401C5804200C8C4600F16C54 /* OpenCVDemoUITests */ = {
			isa = PBXGroup;
			children = (
				401C5805200C8C4600F16C54 /* OpenCVDemoUITests.m */,
				401C5807200C8C4600F16C54 /* Info.plist */,
			);
			path = OpenCVDemoUITests;
			sourceTree = "<group>";
		};
		401C5813200C908500F16C54 /* YALImageKit */ = {
			isa = PBXGroup;
			children = (
				401C5814200C909600F16C54 /* Filter_Algorithm */,
			);
			path = YALImageKit;
			sourceTree = "<group>";
		};
		401C5814200C909600F16C54 /* Filter_Algorithm */ = {
			isa = PBXGroup;
			children = (
				401C5815200C976D00F16C54 /* opencv_filter.cpp */,
				401C5816200C976D00F16C54 /* opencv_filter.hpp */,
				401C5818200CA2B000F16C54 /* ImageManager.h */,
				401C5819200CA2B000F16C54 /* ImageManager.mm */,
			);
			path = Filter_Algorithm;
			sourceTree = "<group>";
		};
		401C581B200CA6ED00F16C54 /* Resources */ = {
			isa = PBXGroup;
			children = (
				401C581C200CA6FC00F16C54 /* Pics */,
			);
			path = Resources;
			sourceTree = "<group>";
		};
		401C581C200CA6FC00F16C54 /* Pics */ = {
			isa = PBXGroup;
			children = (
				401C581F200CB23600F16C54 /* pic_1.png */,
				401C581D200CA71E00F16C54 /* pic_0.png */,
			);
			path = Pics;
			sourceTree = "<group>";
		};
		4BEF66C336AF7F75E0F40951 /* Pods */ = {
			isa = PBXGroup;
			children = (
				2E167E8C67B70A1E4484712C /* Pods-OpenCVDemo.debug.xcconfig */,
				A15BF2FA557DA904123BC74D /* Pods-OpenCVDemo.release.xcconfig */,
				B7D7D6606DE0AF4F81CC0766 /* Pods-OpenCVDemoTests.debug.xcconfig */,
				85DA12D4BF516C028EA5DD2D /* Pods-OpenCVDemoTests.release.xcconfig */,
				E682FA4C14D8FE7CFF602172 /* Pods-OpenCVDemoUITests.debug.xcconfig */,
				A825107E9E900340B316B5CC /* Pods-OpenCVDemoUITests.release.xcconfig */,
			);
			name = Pods;
			sourceTree = "<group>";
		};
		FF9BDE344545E772E3915373 /* Frameworks */ = {
			isa = PBXGroup;
			children = (
				A7F287BC01A6EB577845CFD2 /* libPods-OpenCVDemo.a */,
				DD272965C87577C8BE7F9719 /* libPods-OpenCVDemoTests.a */,
				DACA79F2EE919C5BFC602046 /* libPods-OpenCVDemoUITests.a */,
			);
			name = Frameworks;
			sourceTree = "<group>";
		};
/* End PBXGroup section */

/* Begin PBXNativeTarget section */
		401C57DD200C8C4600F16C54 /* OpenCVDemo */ = {
			isa = PBXNativeTarget;
			buildConfigurationList = 401C580A200C8C4600F16C54 /* Build configuration list for PBXNativeTarget "OpenCVDemo" */;
			buildPhases = (
				2011BE96F0A064C32064F9EA /* [CP] Check Pods Manifest.lock */,
				401C57DA200C8C4600F16C54 /* Sources */,
				401C57DB200C8C4600F16C54 /* Frameworks */,
				401C57DC200C8C4600F16C54 /* Resources */,
				C1E97A8E2D98B6C942B5C293 /* [CP] Embed Pods Frameworks */,
				6747A3A687D434606FCD0CCA /* [CP] Copy Pods Resources */,
			);
			buildRules = (
			);
			dependencies = (
			);
			name = OpenCVDemo;
			productName = OpenCVDemo;
			productReference = 401C57DE200C8C4600F16C54 /* OpenCVDemo.app */;
			productType = "com.apple.product-type.application";
		};
		401C57F5200C8C4600F16C54 /* OpenCVDemoTests */ = {
			isa = PBXNativeTarget;
			buildConfigurationList = 401C580D200C8C4600F16C54 /* Build configuration list for PBXNativeTarget "OpenCVDemoTests" */;
			buildPhases = (
				246846B58C241E7C6E1C8EC6 /* [CP] Check Pods Manifest.lock */,
				401C57F2200C8C4600F16C54 /* Sources */,
				401C57F3200C8C4600F16C54 /* Frameworks */,
				401C57F4200C8C4600F16C54 /* Resources */,
				4FA225277AA3CD740478DBE8 /* [CP] Embed Pods Frameworks */,
				9832D6EDAC26AA85A6820939 /* [CP] Copy Pods Resources */,
			);
			buildRules = (
			);
			dependencies = (
				401C57F8200C8C4600F16C54 /* PBXTargetDependency */,
			);
			name = OpenCVDemoTests;
			productName = OpenCVDemoTests;
			productReference = 401C57F6200C8C4600F16C54 /* OpenCVDemoTests.xctest */;
			productType = "com.apple.product-type.bundle.unit-test";
		};
		401C5800200C8C4600F16C54 /* OpenCVDemoUITests */ = {
			isa = PBXNativeTarget;
			buildConfigurationList = 401C5810200C8C4600F16C54 /* Build configuration list for PBXNativeTarget "OpenCVDemoUITests" */;
			buildPhases = (
				2CEEE695FA72178EEB260C8E /* [CP] Check Pods Manifest.lock */,
				401C57FD200C8C4600F16C54 /* Sources */,
				401C57FE200C8C4600F16C54 /* Frameworks */,
				401C57FF200C8C4600F16C54 /* Resources */,
				E3AB3926F04A38C43F14E12A /* [CP] Embed Pods Frameworks */,
				ABEF93434FE9EEC9279D38B3 /* [CP] Copy Pods Resources */,
			);
			buildRules = (
			);
			dependencies = (
				401C5803200C8C4600F16C54 /* PBXTargetDependency */,
			);
			name = OpenCVDemoUITests;
			productName = OpenCVDemoUITests;
			productReference = 401C5801200C8C4600F16C54 /* OpenCVDemoUITests.xctest */;
			productType = "com.apple.product-type.bundle.ui-testing";
		};
/* End PBXNativeTarget section */

/* Begin PBXProject section */
		401C57D6200C8C4600F16C54 /* Project object */ = {
			isa = PBXProject;
			attributes = {
				LastUpgradeCheck = 0920;
				ORGANIZATIONNAME = "于玮";
				TargetAttributes = {
					401C57DD200C8C4600F16C54 = {
						CreatedOnToolsVersion = 9.2;
						ProvisioningStyle = Automatic;
					};
					401C57F5200C8C4600F16C54 = {
						CreatedOnToolsVersion = 9.2;
						ProvisioningStyle = Automatic;
						TestTargetID = 401C57DD200C8C4600F16C54;
					};
					401C5800200C8C4600F16C54 = {
						CreatedOnToolsVersion = 9.2;
						ProvisioningStyle = Automatic;
						TestTargetID = 401C57DD200C8C4600F16C54;
					};
				};
			};
			buildConfigurationList = 401C57D9200C8C4600F16C54 /* Build configuration list for PBXProject "OpenCVDemo" */;
			compatibilityVersion = "Xcode 8.0";
			developmentRegion = en;
			hasScannedForEncodings = 0;
			knownRegions = (
				en,
				Base,
			);
			mainGroup = 401C57D5200C8C4600F16C54;
			productRefGroup = 401C57DF200C8C4600F16C54 /* Products */;
			projectDirPath = "";
			projectRoot = "";
			targets = (
				401C57DD200C8C4600F16C54 /* OpenCVDemo */,
				401C57F5200C8C4600F16C54 /* OpenCVDemoTests */,
				401C5800200C8C4600F16C54 /* OpenCVDemoUITests */,
			);
		};
/* End PBXProject section */

/* Begin PBXResourcesBuildPhase section */
		401C57DC200C8C4600F16C54 /* Resources */ = {
			isa = PBXResourcesBuildPhase;
			buildActionMask = 2147483647;
			files = (
				401C57EE200C8C4600F16C54 /* LaunchScreen.storyboard in Resources */,
				401C5820200CB23600F16C54 /* pic_1.png in Resources */,
				401C57EB200C8C4600F16C54 /* Assets.xcassets in Resources */,
				401C57E9200C8C4600F16C54 /* Main.storyboard in Resources */,
				401C581E200CA71E00F16C54 /* pic_0.png in Resources */,
			);
			runOnlyForDeploymentPostprocessing = 0;
		};
		401C57F4200C8C4600F16C54 /* Resources */ = {
			isa = PBXResourcesBuildPhase;
			buildActionMask = 2147483647;
			files = (
			);
			runOnlyForDeploymentPostprocessing = 0;
		};
		401C57FF200C8C4600F16C54 /* Resources */ = {
			isa = PBXResourcesBuildPhase;
			buildActionMask = 2147483647;
			files = (
			);
			runOnlyForDeploymentPostprocessing = 0;
		};
/* End PBXResourcesBuildPhase section */

/* Begin PBXShellScriptBuildPhase section */
		2011BE96F0A064C32064F9EA /* [CP] Check Pods Manifest.lock */ = {
			isa = PBXShellScriptBuildPhase;
			buildActionMask = 2147483647;
			files = (
			);
			inputPaths = (
				"${PODS_PODFILE_DIR_PATH}/Podfile.lock",
				"${PODS_ROOT}/Manifest.lock",
			);
			name = "[CP] Check Pods Manifest.lock";
			outputPaths = (
				"$(DERIVED_FILE_DIR)/Pods-OpenCVDemo-checkManifestLockResult.txt",
			);
			runOnlyForDeploymentPostprocessing = 0;
			shellPath = /bin/sh;
			shellScript = "diff \"${PODS_PODFILE_DIR_PATH}/Podfile.lock\" \"${PODS_ROOT}/Manifest.lock\" > /dev/null\nif [ $? != 0 ] ; then\n    # print error to STDERR\n    echo \"error: The sandbox is not in sync with the Podfile.lock. Run 'pod install' or update your CocoaPods installation.\" >&2\n    exit 1\nfi\n# This output is used by Xcode 'outputs' to avoid re-running this script phase.\necho \"SUCCESS\" > \"${SCRIPT_OUTPUT_FILE_0}\"\n";
			showEnvVarsInLog = 0;
		};
		246846B58C241E7C6E1C8EC6 /* [CP] Check Pods Manifest.lock */ = {
			isa = PBXShellScriptBuildPhase;
			buildActionMask = 2147483647;
			files = (
			);
			inputPaths = (
				"${PODS_PODFILE_DIR_PATH}/Podfile.lock",
				"${PODS_ROOT}/Manifest.lock",
			);
			name = "[CP] Check Pods Manifest.lock";
			outputPaths = (
				"$(DERIVED_FILE_DIR)/Pods-OpenCVDemoTests-checkManifestLockResult.txt",
			);
			runOnlyForDeploymentPostprocessing = 0;
			shellPath = /bin/sh;
			shellScript = "diff \"${PODS_PODFILE_DIR_PATH}/Podfile.lock\" \"${PODS_ROOT}/Manifest.lock\" > /dev/null\nif [ $? != 0 ] ; then\n    # print error to STDERR\n    echo \"error: The sandbox is not in sync with the Podfile.lock. Run 'pod install' or update your CocoaPods installation.\" >&2\n    exit 1\nfi\n# This output is used by Xcode 'outputs' to avoid re-running this script phase.\necho \"SUCCESS\" > \"${SCRIPT_OUTPUT_FILE_0}\"\n";
			showEnvVarsInLog = 0;
		};
		2CEEE695FA72178EEB260C8E /* [CP] Check Pods Manifest.lock */ = {
			isa = PBXShellScriptBuildPhase;
			buildActionMask = 2147483647;
			files = (
			);
			inputPaths = (
				"${PODS_PODFILE_DIR_PATH}/Podfile.lock",
				"${PODS_ROOT}/Manifest.lock",
			);
			name = "[CP] Check Pods Manifest.lock";
			outputPaths = (
				"$(DERIVED_FILE_DIR)/Pods-OpenCVDemoUITests-checkManifestLockResult.txt",
			);
			runOnlyForDeploymentPostprocessing = 0;
			shellPath = /bin/sh;
			shellScript = "diff \"${PODS_PODFILE_DIR_PATH}/Podfile.lock\" \"${PODS_ROOT}/Manifest.lock\" > /dev/null\nif [ $? != 0 ] ; then\n    # print error to STDERR\n    echo \"error: The sandbox is not in sync with the Podfile.lock. Run 'pod install' or update your CocoaPods installation.\" >&2\n    exit 1\nfi\n# This output is used by Xcode 'outputs' to avoid re-running this script phase.\necho \"SUCCESS\" > \"${SCRIPT_OUTPUT_FILE_0}\"\n";
			showEnvVarsInLog = 0;
		};
		4FA225277AA3CD740478DBE8 /* [CP] Embed Pods Frameworks */ = {
			isa = PBXShellScriptBuildPhase;
			buildActionMask = 2147483647;
			files = (
			);
			inputPaths = (
			);
			name = "[CP] Embed Pods Frameworks";
			outputPaths = (
			);
			runOnlyForDeploymentPostprocessing = 0;
			shellPath = /bin/sh;
			shellScript = "\"${SRCROOT}/Pods/Target Support Files/Pods-OpenCVDemoTests/Pods-OpenCVDemoTests-frameworks.sh\"\n";
			showEnvVarsInLog = 0;
		};
		6747A3A687D434606FCD0CCA /* [CP] Copy Pods Resources */ = {
			isa = PBXShellScriptBuildPhase;
			buildActionMask = 2147483647;
			files = (
			);
			inputPaths = (
			);
			name = "[CP] Copy Pods Resources";
			outputPaths = (
			);
			runOnlyForDeploymentPostprocessing = 0;
			shellPath = /bin/sh;
			shellScript = "\"${SRCROOT}/Pods/Target Support Files/Pods-OpenCVDemo/Pods-OpenCVDemo-resources.sh\"\n";
			showEnvVarsInLog = 0;
		};
		9832D6EDAC26AA85A6820939 /* [CP] Copy Pods Resources */ = {
			isa = PBXShellScriptBuildPhase;
			buildActionMask = 2147483647;
			files = (
			);
			inputPaths = (
			);
			name = "[CP] Copy Pods Resources";
			outputPaths = (
			);
			runOnlyForDeploymentPostprocessing = 0;
			shellPath = /bin/sh;
			shellScript = "\"${SRCROOT}/Pods/Target Support Files/Pods-OpenCVDemoTests/Pods-OpenCVDemoTests-resources.sh\"\n";
			showEnvVarsInLog = 0;
		};
		ABEF93434FE9EEC9279D38B3 /* [CP] Copy Pods Resources */ = {
			isa = PBXShellScriptBuildPhase;
			buildActionMask = 2147483647;
			files = (
			);
			inputPaths = (
			);
			name = "[CP] Copy Pods Resources";
			outputPaths = (
			);
			runOnlyForDeploymentPostprocessing = 0;
			shellPath = /bin/sh;
			shellScript = "\"${SRCROOT}/Pods/Target Support Files/Pods-OpenCVDemoUITests/Pods-OpenCVDemoUITests-resources.sh\"\n";
			showEnvVarsInLog = 0;
		};
		C1E97A8E2D98B6C942B5C293 /* [CP] Embed Pods Frameworks */ = {
			isa = PBXShellScriptBuildPhase;
			buildActionMask = 2147483647;
			files = (
			);
			inputPaths = (
			);
			name = "[CP] Embed Pods Frameworks";
			outputPaths = (
			);
			runOnlyForDeploymentPostprocessing = 0;
			shellPath = /bin/sh;
			shellScript = "\"${SRCROOT}/Pods/Target Support Files/Pods-OpenCVDemo/Pods-OpenCVDemo-frameworks.sh\"\n";
			showEnvVarsInLog = 0;
		};
		E3AB3926F04A38C43F14E12A /* [CP] Embed Pods Frameworks */ = {
			isa = PBXShellScriptBuildPhase;
			buildActionMask = 2147483647;
			files = (
			);
			inputPaths = (
			);
			name = "[CP] Embed Pods Frameworks";
			outputPaths = (
			);
			runOnlyForDeploymentPostprocessing = 0;
			shellPath = /bin/sh;
			shellScript = "\"${SRCROOT}/Pods/Target Support Files/Pods-OpenCVDemoUITests/Pods-OpenCVDemoUITests-frameworks.sh\"\n";
			showEnvVarsInLog = 0;
		};
/* End PBXShellScriptBuildPhase section */

/* Begin PBXSourcesBuildPhase section */
		401C57DA200C8C4600F16C54 /* Sources */ = {
			isa = PBXSourcesBuildPhase;
			buildActionMask = 2147483647;
			files = (
				401C57E6200C8C4600F16C54 /* ViewController.mm in Sources */,
				401C57F1200C8C4600F16C54 /* main.m in Sources */,
				401C581A200CA2B000F16C54 /* ImageManager.mm in Sources */,
				401C5817200C976D00F16C54 /* opencv_filter.cpp in Sources */,
				401C57E3200C8C4600F16C54 /* AppDelegate.m in Sources */,
			);
			runOnlyForDeploymentPostprocessing = 0;
		};
		401C57F2200C8C4600F16C54 /* Sources */ = {
			isa = PBXSourcesBuildPhase;
			buildActionMask = 2147483647;
			files = (
				401C57FB200C8C4600F16C54 /* OpenCVDemoTests.m in Sources */,
			);
			runOnlyForDeploymentPostprocessing = 0;
		};
		401C57FD200C8C4600F16C54 /* Sources */ = {
			isa = PBXSourcesBuildPhase;
			buildActionMask = 2147483647;
			files = (
				401C5806200C8C4600F16C54 /* OpenCVDemoUITests.m in Sources */,
			);
			runOnlyForDeploymentPostprocessing = 0;
		};
/* End PBXSourcesBuildPhase section */

/* Begin PBXTargetDependency section */
		401C57F8200C8C4600F16C54 /* PBXTargetDependency */ = {
			isa = PBXTargetDependency;
			target = 401C57DD200C8C4600F16C54 /* OpenCVDemo */;
			targetProxy = 401C57F7200C8C4600F16C54 /* PBXContainerItemProxy */;
		};
		401C5803200C8C4600F16C54 /* PBXTargetDependency */ = {
			isa = PBXTargetDependency;
			target = 401C57DD200C8C4600F16C54 /* OpenCVDemo */;
			targetProxy = 401C5802200C8C4600F16C54 /* PBXContainerItemProxy */;
		};
/* End PBXTargetDependency section */

/* Begin PBXVariantGroup section */
		401C57E7200C8C4600F16C54 /* Main.storyboard */ = {
			isa = PBXVariantGroup;
			children = (
				401C57E8200C8C4600F16C54 /* Base */,
			);
			name = Main.storyboard;
			sourceTree = "<group>";
		};
		401C57EC200C8C4600F16C54 /* LaunchScreen.storyboard */ = {
			isa = PBXVariantGroup;
			children = (
				401C57ED200C8C4600F16C54 /* Base */,
			);
			name = LaunchScreen.storyboard;
			sourceTree = "<group>";
		};
/* End PBXVariantGroup section */

/* Begin XCBuildConfiguration section */
		401C5808200C8C4600F16C54 /* Debug */ = {
			isa = XCBuildConfiguration;
			buildSettings = {
				ALWAYS_SEARCH_USER_PATHS = NO;
				CLANG_ANALYZER_NONNULL = YES;
				CLANG_ANALYZER_NUMBER_OBJECT_CONVERSION = YES_AGGRESSIVE;
				CLANG_CXX_LANGUAGE_STANDARD = "gnu++14";
				CLANG_CXX_LIBRARY = "libc++";
				CLANG_ENABLE_MODULES = YES;
				CLANG_ENABLE_OBJC_ARC = YES;
				CLANG_WARN_BLOCK_CAPTURE_AUTORELEASING = YES;
				CLANG_WARN_BOOL_CONVERSION = YES;
				CLANG_WARN_COMMA = YES;
				CLANG_WARN_CONSTANT_CONVERSION = YES;
				CLANG_WARN_DIRECT_OBJC_ISA_USAGE = YES_ERROR;
				CLANG_WARN_DOCUMENTATION_COMMENTS = YES;
				CLANG_WARN_EMPTY_BODY = YES;
				CLANG_WARN_ENUM_CONVERSION = YES;
				CLANG_WARN_INFINITE_RECURSION = YES;
				CLANG_WARN_INT_CONVERSION = YES;
				CLANG_WARN_NON_LITERAL_NULL_CONVERSION = YES;
				CLANG_WARN_OBJC_LITERAL_CONVERSION = YES;
				CLANG_WARN_OBJC_ROOT_CLASS = YES_ERROR;
				CLANG_WARN_RANGE_LOOP_ANALYSIS = YES;
				CLANG_WARN_STRICT_PROTOTYPES = YES;
				CLANG_WARN_SUSPICIOUS_MOVE = YES;
				CLANG_WARN_UNGUARDED_AVAILABILITY = YES_AGGRESSIVE;
				CLANG_WARN_UNREACHABLE_CODE = YES;
				CLANG_WARN__DUPLICATE_METHOD_MATCH = YES;
				CODE_SIGN_IDENTITY = "iPhone Developer";
				COPY_PHASE_STRIP = NO;
				DEBUG_INFORMATION_FORMAT = dwarf;
				ENABLE_STRICT_OBJC_MSGSEND = YES;
				ENABLE_TESTABILITY = YES;
				GCC_C_LANGUAGE_STANDARD = gnu11;
				GCC_DYNAMIC_NO_PIC = NO;
				GCC_NO_COMMON_BLOCKS = YES;
				GCC_OPTIMIZATION_LEVEL = 0;
				GCC_PREPROCESSOR_DEFINITIONS = (
					"DEBUG=1",
					"$(inherited)",
				);
				GCC_WARN_64_TO_32_BIT_CONVERSION = YES;
				GCC_WARN_ABOUT_RETURN_TYPE = YES_ERROR;
				GCC_WARN_UNDECLARED_SELECTOR = YES;
				GCC_WARN_UNINITIALIZED_AUTOS = YES_AGGRESSIVE;
				GCC_WARN_UNUSED_FUNCTION = YES;
				GCC_WARN_UNUSED_VARIABLE = YES;
				IPHONEOS_DEPLOYMENT_TARGET = 11.2;
				MTL_ENABLE_DEBUG_INFO = YES;
				ONLY_ACTIVE_ARCH = YES;
				SDKROOT = iphoneos;
			};
			name = Debug;
		};
		401C5809200C8C4600F16C54 /* Release */ = {
			isa = XCBuildConfiguration;
			buildSettings = {
				ALWAYS_SEARCH_USER_PATHS = NO;
				CLANG_ANALYZER_NONNULL = YES;
				CLANG_ANALYZER_NUMBER_OBJECT_CONVERSION = YES_AGGRESSIVE;
				CLANG_CXX_LANGUAGE_STANDARD = "gnu++14";
				CLANG_CXX_LIBRARY = "libc++";
				CLANG_ENABLE_MODULES = YES;
				CLANG_ENABLE_OBJC_ARC = YES;
				CLANG_WARN_BLOCK_CAPTURE_AUTORELEASING = YES;
				CLANG_WARN_BOOL_CONVERSION = YES;
				CLANG_WARN_COMMA = YES;
				CLANG_WARN_CONSTANT_CONVERSION = YES;
				CLANG_WARN_DIRECT_OBJC_ISA_USAGE = YES_ERROR;
				CLANG_WARN_DOCUMENTATION_COMMENTS = YES;
				CLANG_WARN_EMPTY_BODY = YES;
				CLANG_WARN_ENUM_CONVERSION = YES;
				CLANG_WARN_INFINITE_RECURSION = YES;
				CLANG_WARN_INT_CONVERSION = YES;
				CLANG_WARN_NON_LITERAL_NULL_CONVERSION = YES;
				CLANG_WARN_OBJC_LITERAL_CONVERSION = YES;
				CLANG_WARN_OBJC_ROOT_CLASS = YES_ERROR;
				CLANG_WARN_RANGE_LOOP_ANALYSIS = YES;
				CLANG_WARN_STRICT_PROTOTYPES = YES;
				CLANG_WARN_SUSPICIOUS_MOVE = YES;
				CLANG_WARN_UNGUARDED_AVAILABILITY = YES_AGGRESSIVE;
				CLANG_WARN_UNREACHABLE_CODE = YES;
				CLANG_WARN__DUPLICATE_METHOD_MATCH = YES;
				CODE_SIGN_IDENTITY = "iPhone Developer";
				COPY_PHASE_STRIP = NO;
				DEBUG_INFORMATION_FORMAT = "dwarf-with-dsym";
				ENABLE_NS_ASSERTIONS = NO;
				ENABLE_STRICT_OBJC_MSGSEND = YES;
				GCC_C_LANGUAGE_STANDARD = gnu11;
				GCC_NO_COMMON_BLOCKS = YES;
				GCC_WARN_64_TO_32_BIT_CONVERSION = YES;
				GCC_WARN_ABOUT_RETURN_TYPE = YES_ERROR;
				GCC_WARN_UNDECLARED_SELECTOR = YES;
				GCC_WARN_UNINITIALIZED_AUTOS = YES_AGGRESSIVE;
				GCC_WARN_UNUSED_FUNCTION = YES;
				GCC_WARN_UNUSED_VARIABLE = YES;
				IPHONEOS_DEPLOYMENT_TARGET = 11.2;
				MTL_ENABLE_DEBUG_INFO = NO;
				SDKROOT = iphoneos;
				VALIDATE_PRODUCT = YES;
			};
			name = Release;
		};
		401C580B200C8C4600F16C54 /* Debug */ = {
			isa = XCBuildConfiguration;
			baseConfigurationReference = 2E167E8C67B70A1E4484712C /* Pods-OpenCVDemo.debug.xcconfig */;
			buildSettings = {
				ASSETCATALOG_COMPILER_APPICON_NAME = AppIcon;
				CODE_SIGN_STYLE = Automatic;
				DEVELOPMENT_TEAM = 3M7KPCYW9W;
				INFOPLIST_FILE = OpenCVDemo/Info.plist;
				LD_RUNPATH_SEARCH_PATHS = "$(inherited) @executable_path/Frameworks";
				PRODUCT_BUNDLE_IDENTIFIER = pvt.OpenCVDemo;
				PRODUCT_NAME = "$(TARGET_NAME)";
				TARGETED_DEVICE_FAMILY = "1,2";
			};
			name = Debug;
		};
		401C580C200C8C4600F16C54 /* Release */ = {
			isa = XCBuildConfiguration;
			baseConfigurationReference = A15BF2FA557DA904123BC74D /* Pods-OpenCVDemo.release.xcconfig */;
			buildSettings = {
				ASSETCATALOG_COMPILER_APPICON_NAME = AppIcon;
				CODE_SIGN_STYLE = Automatic;
				DEVELOPMENT_TEAM = 3M7KPCYW9W;
				INFOPLIST_FILE = OpenCVDemo/Info.plist;
				LD_RUNPATH_SEARCH_PATHS = "$(inherited) @executable_path/Frameworks";
				PRODUCT_BUNDLE_IDENTIFIER = pvt.OpenCVDemo;
				PRODUCT_NAME = "$(TARGET_NAME)";
				TARGETED_DEVICE_FAMILY = "1,2";
			};
			name = Release;
		};
		401C580E200C8C4600F16C54 /* Debug */ = {
			isa = XCBuildConfiguration;
			baseConfigurationReference = B7D7D6606DE0AF4F81CC0766 /* Pods-OpenCVDemoTests.debug.xcconfig */;
			buildSettings = {
				BUNDLE_LOADER = "$(TEST_HOST)";
				CODE_SIGN_STYLE = Automatic;
				DEVELOPMENT_TEAM = 3M7KPCYW9W;
				INFOPLIST_FILE = OpenCVDemoTests/Info.plist;
				LD_RUNPATH_SEARCH_PATHS = "$(inherited) @executable_path/Frameworks @loader_path/Frameworks";
				PRODUCT_BUNDLE_IDENTIFIER = pvt.OpenCVDemoTests;
				PRODUCT_NAME = "$(TARGET_NAME)";
				TARGETED_DEVICE_FAMILY = "1,2";
				TEST_HOST = "$(BUILT_PRODUCTS_DIR)/OpenCVDemo.app/OpenCVDemo";
			};
			name = Debug;
		};
		401C580F200C8C4600F16C54 /* Release */ = {
			isa = XCBuildConfiguration;
			baseConfigurationReference = 85DA12D4BF516C028EA5DD2D /* Pods-OpenCVDemoTests.release.xcconfig */;
			buildSettings = {
				BUNDLE_LOADER = "$(TEST_HOST)";
				CODE_SIGN_STYLE = Automatic;
				DEVELOPMENT_TEAM = 3M7KPCYW9W;
				INFOPLIST_FILE = OpenCVDemoTests/Info.plist;
				LD_RUNPATH_SEARCH_PATHS = "$(inherited) @executable_path/Frameworks @loader_path/Frameworks";
				PRODUCT_BUNDLE_IDENTIFIER = pvt.OpenCVDemoTests;
				PRODUCT_NAME = "$(TARGET_NAME)";
				TARGETED_DEVICE_FAMILY = "1,2";
				TEST_HOST = "$(BUILT_PRODUCTS_DIR)/OpenCVDemo.app/OpenCVDemo";
			};
			name = Release;
		};
		401C5811200C8C4600F16C54 /* Debug */ = {
			isa = XCBuildConfiguration;
			baseConfigurationReference = E682FA4C14D8FE7CFF602172 /* Pods-OpenCVDemoUITests.debug.xcconfig */;
			buildSettings = {
				CODE_SIGN_STYLE = Automatic;
				DEVELOPMENT_TEAM = 3M7KPCYW9W;
				INFOPLIST_FILE = OpenCVDemoUITests/Info.plist;
				LD_RUNPATH_SEARCH_PATHS = "$(inherited) @executable_path/Frameworks @loader_path/Frameworks";
				PRODUCT_BUNDLE_IDENTIFIER = pvt.OpenCVDemoUITests;
				PRODUCT_NAME = "$(TARGET_NAME)";
				TARGETED_DEVICE_FAMILY = "1,2";
				TEST_TARGET_NAME = OpenCVDemo;
			};
			name = Debug;
		};
		401C5812200C8C4600F16C54 /* Release */ = {
			isa = XCBuildConfiguration;
			baseConfigurationReference = A825107E9E900340B316B5CC /* Pods-OpenCVDemoUITests.release.xcconfig */;
			buildSettings = {
				CODE_SIGN_STYLE = Automatic;
				DEVELOPMENT_TEAM = 3M7KPCYW9W;
				INFOPLIST_FILE = OpenCVDemoUITests/Info.plist;
				LD_RUNPATH_SEARCH_PATHS = "$(inherited) @executable_path/Frameworks @loader_path/Frameworks";
				PRODUCT_BUNDLE_IDENTIFIER = pvt.OpenCVDemoUITests;
				PRODUCT_NAME = "$(TARGET_NAME)";
				TARGETED_DEVICE_FAMILY = "1,2";
				TEST_TARGET_NAME = OpenCVDemo;
			};
			name = Release;
		};
/* End XCBuildConfiguration section */

/* Begin XCConfigurationList section */
		401C57D9200C8C4600F16C54 /* Build configuration list for PBXProject "OpenCVDemo" */ = {
			isa = XCConfigurationList;
			buildConfigurations = (
				401C5808200C8C4600F16C54 /* Debug */,
				401C5809200C8C4600F16C54 /* Release */,
			);
			defaultConfigurationIsVisible = 0;
			defaultConfigurationName = Release;
		};
		401C580A200C8C4600F16C54 /* Build configuration list for PBXNativeTarget "OpenCVDemo" */ = {
			isa = XCConfigurationList;
			buildConfigurations = (
				401C580B200C8C4600F16C54 /* Debug */,
				401C580C200C8C4600F16C54 /* Release */,
			);
			defaultConfigurationIsVisible = 0;
			defaultConfigurationName = Release;
		};
		401C580D200C8C4600F16C54 /* Build configuration list for PBXNativeTarget "OpenCVDemoTests" */ = {
			isa = XCConfigurationList;
			buildConfigurations = (
				401C580E200C8C4600F16C54 /* Debug */,
				401C580F200C8C4600F16C54 /* Release */,
			);
			defaultConfigurationIsVisible = 0;
			defaultConfigurationName = Release;
		};
		401C5810200C8C4600F16C54 /* Build configuration list for PBXNativeTarget "OpenCVDemoUITests" */ = {
			isa = XCConfigurationList;
			buildConfigurations = (
				401C5811200C8C4600F16C54 /* Debug */,
				401C5812200C8C4600F16C54 /* Release */,
			);
			defaultConfigurationIsVisible = 0;
			defaultConfigurationName = Release;
		};
/* End XCConfigurationList section */
	};
	rootObject = 401C57D6200C8C4600F16C54 /* Project object */;
}
